
Microsoft Visual Studio Solution File, Format Version 12.00
# Visual Studio Version 17
VisualStudioVersion = 17.5.002.0
MinimumVisualStudioVersion = 10.0.40219.1
Project("{9A19103F-16F7-4668-BE54-9A1E7A4F7556}") = "DesafioFundamentos", "DesafioFundamentos.csproj", "{CCBF58F9-2A34-46CA-A7D6-E01DA8A29B58}"
EndProject
Global
	GlobalSection(SolutionConfigurationPlatforms) = preSolution
		Debug|Any CPU = Debug|Any CPU
		Release|Any CPU = Release|Any CPU
	EndGlobalSection
	GlobalSection(ProjectConfigurationPlatforms) = postSolution
		{CCBF58F9-2A34-46CA-A7D6-E01DA8A29B58}.Debug|Any CPU.ActiveCfg = Debug|Any CPU
		{CCBF58F9-2A34-46CA-A7D6-E01DA8A29B58}.Debug|Any CPU.Build.0 = Debug|Any CPU
		{CCBF58F9-2A34-46CA-A7D6-E01DA8A29B58}.Release|Any CPU.ActiveCfg = Release|Any CPU
		{CCBF58F9-2A34-46CA-A7D6-E01DA8A29B58}.Release|Any CPU.Build.0 = Release|Any CPU
	EndGlobalSection
	GlobalSection(SolutionProperties) = preSolution
		HideSolutionNode = FALSE
	EndGlobalSection
	GlobalSection(ExtensibilityGlobals) = postSolution
		SolutionGuid = {FF2AB151-CE66-4F16-B62A-FA0C54934B0C}
	EndGlobalSection
EndGlobal
